
Microsoft Visual Studio Solution File, Format Version 12.00
# Visual Studio Version 17
VisualStudioVersion = 17.9.34607.119
MinimumVisualStudioVersion = 10.0.40219.1
Project("{FAE04EC0-301F-11D3-BF4B-00C04F79EFBC}") = "SmartPlanner", "SmartPlanner.csproj", "{546F6F11-929C-43AD-B8F8-02DD7B8D0813}"
EndProject
Global
	GlobalSection(SolutionConfigurationPlatforms) = preSolution
		Debug|Any CPU = Debug|Any CPU
		Release|Any CPU = Release|Any CPU
	EndGlobalSection
	GlobalSection(ProjectConfigurationPlatforms) = postSolution
		{546F6F11-929C-43AD-B8F8-02DD7B8D0813}.Debug|Any CPU.ActiveCfg = Debug|Any CPU
		{546F6F11-929C-43AD-B8F8-02DD7B8D0813}.Debug|Any CPU.Build.0 = Debug|Any CPU
		{546F6F11-929C-43AD-B8F8-02DD7B8D0813}.Release|Any CPU.ActiveCfg = Release|Any CPU
		{546F6F11-929C-43AD-B8F8-02DD7B8D0813}.Release|Any CPU.Build.0 = Release|Any CPU
	EndGlobalSection
	GlobalSection(SolutionProperties) = preSolution
		HideSolutionNode = FALSE
	EndGlobalSection
	GlobalSection(ExtensibilityGlobals) = postSolution
		SolutionGuid = {B3723466-B512-4CBA-9FB7-00C7E296F775}
	EndGlobalSection
EndGlobal
